{
  "nodes": {
    "home-manager": {
      "inputs": {
        "nixpkgs": [
          "nixpkgs"
        ]
      },
      "locked": {
        "lastModified": 1787164822,
        "narHash": "sha256-fgi9dJtceRgxoUm64wAA3Ua+NncQ4cZRGBbNqdg3g9Q=",
        "owner": "nix-community",
        "repo": "home-manager",
        "rev": "152b9dcad099ed3d85d4f90152a110dd8b84c73f",
        "type": "github"
      },
      "original": {
        "owner": "nix-community",
        "repo": "home-manager",
        "type": "github"
      }
    },
    "nixpkgs": {
      "locked": {
        "lastModified": 1787070829,
        "narHash": "sha256-xe+M6F3syqECh9nH7Fmyxrjs13PtQV3S9o/EbutKz84=",
        "rev": "0ae2bc1419c3f345984c2629e72e7a631820fa4d",
        "type": "tarball",
        "url": "https://releases.nixos.org/nixos/unstable/nixos-26.11pre1057639.0ae2bc1419c3/nixexprs.tar.xz"
      },
      "original": {
        "id": "nixpkgs",
        "ref": "nixos-unstable",
        "type": "indirect"
      }
    },
    "nixpkgs-unstable": {
      "locked": {
        "lastModified": 1787070829,
        "narHash": "sha256-xe+M6F3syqECh9nH7Fmyxrjs13PtQV3S9o/EbutKz84=",
        "rev": "0ae2bc1419c3f345984c2629e72e7a631820fa4d",
        "type": "tarball",
        "url": "https://releases.nixos.org/nixos/unstable/nixos-26.11pre1057639.0ae2bc1419c3/nixexprs.tar.xz"
      },
      "original": {
        "id": "nixpkgs",
        "ref": "nixos-unstable",
        "type": "indirect"
      }
    },
    "root": {
      "inputs": {
        "home-manager": "home-manager",
        "nixpkgs": "nixpkgs",
        "nixpkgs-unstable": "nixpkgs-unstable",
        "zen-browser": "zen-browser"
      }
    },
    "zen-browser": {
      "inputs": {
        "home-manager": [
          "home-manager"
        ],
        "nixpkgs": [
          "nixpkgs"
        ]
      },
      "locked": {
        "lastModified": 1786347712,
        "narHash": "sha256-yH+jWXH2TVd5h3J5KoZiE8/4O4HqoggfB0zl9uVj39w=",
        "owner": "0xc000022070",
        "repo": "zen-browser-flake",
        "rev": "945efbc704b7f8c1731a922aabbc5d95edc9eb74",
        "type": "github"
      },
      "original": {
        "owner": "0xc000022070",
        "repo": "zen-browser-flake",
        "type": "github"
      }
    }
  },
  "root": "root",
  "version": 7
}
